Microsoft Visual Studio Solution File, Format Version 12.00
# Visual Studio Version 17
VisualStudioVersion = 17.5.2.0
MinimumVisualStudioVersion = 10.0.40219.1
Project("{FAE04EC0-301F-11D3-BF4B-00C04F79EFBC}") = "STT_Lab10", "STT_Lab10.csproj", "{9BEBD6FE-3EFB-10FC-2D83-60F7304EDE38}"
EndProject
Global
	GlobalSection(SolutionConfigurationPlatforms) = preSolution
		Debug|Any CPU = Debug|Any CPU
		Release|Any CPU = Release|Any CPU
	EndGlobalSection
	GlobalSection(ProjectConfigurationPlatforms) = postSolution
		{9BEBD6FE-3EFB-10FC-2D83-60F7304EDE38}.Debug|Any CPU.ActiveCfg = Debug|Any CPU
		{9BEBD6FE-3EFB-10FC-2D83-60F7304EDE38}.Debug|Any CPU.Build.0 = Debug|Any CPU
		{9BEBD6FE-3EFB-10FC-2D83-60F7304EDE38}.Release|Any CPU.ActiveCfg = Release|Any CPU
		{9BEBD6FE-3EFB-10FC-2D83-60F7304EDE38}.Release|Any CPU.Build.0 = Release|Any CPU
	EndGlobalSection
	GlobalSection(SolutionProperties) = preSolution
		HideSolutionNode = FALSE
	EndGlobalSection
	GlobalSection(ExtensibilityGlobals) = postSolution
		SolutionGuid = {EAA90451-F035-4A46-BEE6-310230885476}
	EndGlobalSection
EndGlobal
